{
  "name": "decorated-cache",
  "version": "1.0.0",
  "lockfileVersion": 3,
  "requires": true,
  "packages": {
    "": {
      "name": "decorated-cache",
      "version": "1.0.0",
      "license": "ISC",
      "dependencies": {
        "mitata": "^0.1.8"
      },
      "devDependencies": {
        "@types/node": "^20.11.10"
      }
    },
    "node_modules/@types/node": {
      "version": "20.11.10",
      "resolved": "https://registry.npmjs.org/@types/node/-/node-20.11.10.tgz",
      "integrity": "sha512-rZEfe/hJSGYmdfX9tvcPMYeYPW2sNl50nsw4jZmRcaG0HIAb0WYEpsB05GOb53vjqpyE9GUhlDQ4jLSoB5q9kg==",
      "dev": true,
      "dependencies": {
        "undici-types": "~5.26.4"
      }
    },
    "node_modules/mitata": {
      "version": "0.1.8",
      "resolved": "https://registry.npmjs.org/mitata/-/mitata-0.1.8.tgz",
      "integrity": "sha512-q+tTmAMdyT69SfwvOkMMCCzLhqoPY9OmbZ2nTDwFopTYMKl9HLRA+XfDXydGaRzVEYehkyfP1pFYoXzE6jVRKw=="
    },
    "node_modules/undici-types": {
      "version": "5.26.5",
      "resolved": "https://registry.npmjs.org/undici-types/-/undici-types-5.26.5.tgz",
      "integrity": "sha512-JlCMO+ehdEIKqlFxk6IfVoAUVmgz7cU7zD/h9XZ0qzeosSHmUJVOzSQvvYSYWXkFXC+IfLKSIffhv0sVZup6pA==",
      "dev": true
    }
  }
}
